{
  "version": 4,
  "terraform_version": "0.15.3",
  "serial": 22,
  "lineage": "4150faff-2af5-78f6-17e6-924a07d967aa",
  "outputs": {
    "tls_private_key": {
      "value": "-----BEGIN RSA PRIVATE KEY-----\nMIIJKAIBAAKCAgEA5dUfIIKrP9aTm444nO7VMvEI62TPowR71URBqkfk45rQKxbr\n3aIf9Er16mnKOV/CUOl7c0fh8l7xVzqAhGSxmi7kSAGpbQf7cX+Jh6gV1JLmBEtg\nzFGs7H5vQfu21Rh8KzYaVx19xsp1X7MIk7qyEOchm1iSwPmsqUGNRvQqolb+OFY+\nN4a+4uYR9LSrugw0xt3UaFE4ie4y7NPuWrk3GAjrw3yvjfAJA79fqPGwlUFkxCjV\nXDMR+CkXq2LO1Soa3lc/JUprcGBVPxtTRGLs0AdirfXd3joH8FRY5z9zO1k/aPjy\n9qbWfb2QJKKxw0R5VRB6Y6a8gQQWLzK+WKuFZSIgJdJBSU9cOa9zr0xAIX+w1zVA\n+gC77oiUCn2CERdi5RcBEoAP5INH9Z40SNKVdbp400WyHPOVuvFgsJQLrY90+MEQ\nNP4YURSWFCkS9TZ66/5683Qfg/9ntPuOZcrD1EM9fe3ZpdcsjMyA0qCmF7bi3jU+\n/WgNx7b2kWfTdIP/oXWbNsdbNL8g+h40oV4CCZGrjqiru7gPLiJqXprOb1KL5uSV\nuu58nyOYAE5VBZ+d//VDlhGmqsmdHcrlFRZ2E+TmLfwUctzm4FPKT70jJ4jVSP34\n/XWTFrh7n1pC/Tkrtgx06QQO7FfxJtPDZGW8ndqj0DjUzthGjYNriaOstr8CAwEA\nAQKCAgBxqLXeBADgbyNMOEczBMGWkbDRiGdOvPbofvriVO+Sx4rO5GT8lCKtUyzO\nIkcJnJuiG/UbC59nlyBO/PV1g754+1uVaIz7CImGlYXT+oHhQExUL1rNcE7OHbCz\ntuGx/IvbasQX9NOwrYriKs3BEQDibwsloeXhXRfQFETjo/g5lD/gaHYYS6C24QRc\nOcT7GvI2rplOhWwqegvhJuWnJBVk43SElnLTBLPQkKGkEPI8vbwxbegl0nO+f8Pe\n09xpeosTDZ6CuIztZBaEQOUq2qk2L5DTatWwAo7OgUf+BFjeLsK3DPZKmDNWt5pD\nI9o5MPG36ZA9G8X5H6ZA7R1JCHnMm+UE9Fx15gf2Hd8pfJrl4QVGL1yD8pkOTHCI\nLMxHrUIiUiDXQRIZ/JdOKf4rsa8aygBFWvqBxTpkTu/vlFOPrpuR29JDTXXyUgsu\nX5l3N+Ev8fEbBH+g60l4XfFUaGkoS7rMslJNSJoMC2blNfdA5aFAXvp3g0pi2S4Z\n52DAAKdqJd6sdHQcFTzk8wQyBC90ON9mtU7F/oShLkhMeICMEmtIIXjaH/XndxCP\nYJWfT/zgVpn9kXqrCffGk1TnFtmKjb+BJ0JSssPZg7TVYw8mH/Vf/RTnLU2ERTMj\ntIUrYyZlp5Wd0Vg1VAJxi31Q+mUM17dTSxt94a4J9ukMpxO0cQKCAQEA9jawXX8R\nx68E4cAo1TWrOT4VAzhrOfRao+9kSrdcoJFbQWGOQlM6Xxf+H6EBZANgGVP5pO2z\nFuQElW+k3LuGP4X1VXN+kOuf28mZVRB6PRRaC8EUdqXB0uxuAv2aHaqcIYmAIoQs\nd8P89p87u/Y+H6Hyx8ymLQvq8ddM0HaaR6XwKaSyTXUYZA3kYnY/YzR0nmf+X9ja\n6lgtpV2FX3nWdNYIHmbtWxIX+ZJfxKtOrl0EE3GoeCr52r3OYyuargalK6YTfCx+\nSfrQG8pu6H7swV67UBiabfyvnuRWi7LqnoHXu1ikFdtkhjfGBsl/OwvYTjAgsGiQ\n2GIalRjobrz+HQKCAQEA7ve/ubhDKz74MIFPTTi6tgR/ZfBUZUTYdWvqSpRTbFSV\nMNxfr6yfKBREg2QUCyJgP6IA9EI0LxfY8gRMiBG8uXu4BfQkti5iZFdCI+Y+XTDc\nE8xEhj7+/Lz3YyeEhp53ZN2lcf2YYFBvD1BXbXV0it36s7UtLeFZjwIEnXihKetO\n9l13xBiAN64jBRU2xTCxVgB5e6IFjetTbzcyKndlCtVdw9pSGG5/ammrdeyB9dl1\nr4igPi/f2M/7crEyZ4uu7kA5B8T+4ZLyaYWw5s31HmrAx+Na0DIXZTwHxViLfBza\nTezRaS9zDznZAU6I9V+YB5vNt/uxO9hJoOgUEfEhiwKCAQEAjEM1j93u7Bnppw3I\ndUYAyDh00gPXGgn5hQDA2svAqfyExydjWqd9TmUlsTEQ0MAXg/ZR9sIvTzAQ6GzU\nt6bg4NlYnRiRls+Unyom/s3HRXqNnbqeBMWDOLzWI0AEBziFf5mMdJ1lk8kEGB84\ncWjjlTO2UlpkpK7wZlun9+5JD94Zhi+8H+JAReegHvOMQuDEOuW1hTbN58jaICW5\n8F1BbgfsUh2CxGn3XIclpa2NwkldJBKQzfx1oEaXB+n0UYWZnNccrJXQUCbhXaOi\nMTL1f2ePQB70Awp7pgIgx67id/AyTRk/SPBWQRwO5RjvMV0bGdfTF4xKT+r7h8rL\nxyJFhQKCAQBoS5LPAL+4ESyLJvSwdFDw/feISyLaa/i5Dtdbo27heez/PT850fJI\nsMfSPIyO63rsas1Vzcsuvo692eh4/pzKq1d+qbaYGJhyyK6iMmwHijqTHXTOzpHF\nRsgF64pooqLjT+VUYeTuLEy8d0khCcFKlmVDp5BHVPIcezn+bFaSkBOPbO3HlRXo\nt0SrhD26RG0xZtWegvE/pnRstr9bT263ErZws0lfRmKv09y0g/uYjEdTzCJ74bMl\n0mgg/3tLO+imLTt2y6CeXN8V9PZnVX5kvxzSYMUS1rnlQhT2KZX/HiydE/21lbL2\n8z1l15vo08brkzFu2hfZUaWY55FS31XPAoIBAHraSwcWT/aZRLyRBf2WfXThwaWk\njVeYtpBLnDqv6hte/lJgh8+uwmygaqpdMgCHnsT0rDR10g6SiPRzFqh3UxOuc6Le\nYHtpfDloeqTMPQRTUff57q6jyEMzAuDEibgE1AGFnjIRCVp694fy49qBDJMwPm1m\niVNYVq0Nuwir713v6DxQqMlPuRu/1otQAAq94GnuJtArPh2yGDcIJa3qlK/bfhXr\nhA5+VZQ7nEH1LkYyUdj9GN1ZFNp7QJe48ceXj25IaZg1/35DkxLE3nZgh53uW5nx\nQ37QUFsQ6YXw9gC1eBSjJfHe3yXA7VgNB3OV1Kb/r0bxMYMaCTAZ8N0Rbxo=\n-----END RSA PRIVATE KEY-----\n",
      "type": "string",
      "sensitive": true
    },
    "vm_id": {
      "value": "/subscriptions/23fcce43-2d2f-4071-9e69-fdb25386438a/resourceGroups/howden_rg/providers/Microsoft.Compute/virtualMachines/howdenlinuxvm",
      "type": "string"
    },
    "vm_ip": {
      "value": "13.72.109.163",
      "type": "string"
    }
  },
  "resources": [
    {
      "mode": "managed",
      "type": "azurerm_linux_virtual_machine",
      "name": "linuxvm",
      "provider": "provider[\"registry.terraform.io/hashicorp/azurerm\"]",
      "instances": [
        {
          "schema_version": 0,
          "attributes": {
            "additional_capabilities": [],
            "admin_password": null,
            "admin_ssh_key": [
              {
                "public_key": "ssh-rsa AAAAB3NzaC1yc2EAAAADAQABAAACAQDl1R8ggqs/1pObjjic7tUy8QjrZM+jBHvVREGqR+TjmtArFuvdoh/0SvXqaco5X8JQ6XtzR+HyXvFXOoCEZLGaLuRIAaltB/txf4mHqBXUkuYES2DMUazsfm9B+7bVGHwrNhpXHX3GynVfswiTurIQ5yGbWJLA+aypQY1G9CqiVv44Vj43hr7i5hH0tKu6DDTG3dRoUTiJ7jLs0+5auTcYCOvDfK+N8AkDv1+o8bCVQWTEKNVcMxH4KRerYs7VKhreVz8lSmtwYFU/G1NEYuzQB2Kt9d3eOgfwVFjnP3M7WT9o+PL2ptZ9vZAkorHDRHlVEHpjpryBBBYvMr5Yq4VlIiAl0kFJT1w5r3OvTEAhf7DXNUD6ALvuiJQKfYIRF2LlFwESgA/kg0f1njRI0pV1unjTRbIc85W68WCwlAutj3T4wRA0/hhRFJYUKRL1Nnrr/nrzdB+D/2e0+45lysPUQz197dml1yyMzIDSoKYXtuLeNT79aA3HtvaRZ9N0g/+hdZs2x1s0vyD6HjShXgIJkauOqKu7uA8uImpems5vUovm5JW67nyfI5gATlUFn53/9UOWEaaqyZ0dyuUVFnYT5OYt/BRy3ObgU8pPvSMniNVI/fj9dZMWuHufWkL9OSu2DHTpBA7sV/Em08NkZbyd2qPQONTO2EaNg2uJo6y2vw==\n",
                "username": "azureuser"
              }
            ],
            "admin_username": "azureuser",
            "allow_extension_operations": true,
            "availability_set_id": "",
            "boot_diagnostics": [],
            "computer_name": "myvm",
            "custom_data": null,
            "dedicated_host_id": "",
            "disable_password_authentication": true,
            "encryption_at_host_enabled": false,
            "eviction_policy": "",
            "extensions_time_budget": "PT1H30M",
            "id": "/subscriptions/23fcce43-2d2f-4071-9e69-fdb25386438a/resourceGroups/howden_rg/providers/Microsoft.Compute/virtualMachines/howdenlinuxvm",
            "identity": [],
            "license_type": "",
            "location": "eastus",
            "max_bid_price": -1,
            "name": "howdenlinuxvm",
            "network_interface_ids": [
              "/subscriptions/23fcce43-2d2f-4071-9e69-fdb25386438a/resourceGroups/howden_rg/providers/Microsoft.Network/networkInterfaces/howdennic"
            ],
            "os_disk": [
              {
                "caching": "ReadWrite",
                "diff_disk_settings": [],
                "disk_encryption_set_id": "",
                "disk_size_gb": 30,
                "name": "myOsDisk",
                "storage_account_type": "Standard_LRS",
                "write_accelerator_enabled": false
              }
            ],
            "plan": [],
            "platform_fault_domain": -1,
            "priority": "Regular",
            "private_ip_address": "10.0.1.4",
            "private_ip_addresses": [
              "10.0.1.4"
            ],
            "provision_vm_agent": true,
            "proximity_placement_group_id": "",
            "public_ip_address": "13.72.109.163",
            "public_ip_addresses": [
              "13.72.109.163"
            ],
            "resource_group_name": "howden_rg",
            "secret": [],
            "size": "Standard_DS1_v2",
            "source_image_id": "",
            "source_image_reference": [
              {
                "offer": "UbuntuServer",
                "publisher": "Canonical",
                "sku": "18.04-LTS",
                "version": "latest"
              }
            ],
            "tags": null,
            "timeouts": null,
            "virtual_machine_id": "fb2c6d2e-2383-4811-884d-9fb9ba563e7f",
            "virtual_machine_scale_set_id": "",
            "zone": ""
          },
          "sensitive_attributes": [],
          "private": "eyJlMmJmYjczMC1lY2FhLTExZTYtOGY4OC0zNDM2M2JjN2M0YzAiOnsiY3JlYXRlIjoyNzAwMDAwMDAwMDAwLCJkZWxldGUiOjI3MDAwMDAwMDAwMDAsInJlYWQiOjMwMDAwMDAwMDAwMCwidXBkYXRlIjoyNzAwMDAwMDAwMDAwfX0=",
          "dependencies": [
            "azurerm_network_interface.nic",
            "azurerm_public_ip.public_ip",
            "azurerm_resource_group.rg",
            "azurerm_subnet.subnet",
            "azurerm_virtual_network.vnet",
            "tls_private_key.example_ssh"
          ]
        }
      ]
    },
    {
      "mode": "managed",
      "type": "azurerm_network_interface",
      "name": "nic",
      "provider": "provider[\"registry.terraform.io/hashicorp/azurerm\"]",
      "instances": [
        {
          "schema_version": 0,
          "attributes": {
            "applied_dns_servers": [],
            "dns_servers": [],
            "enable_accelerated_networking": false,
            "enable_ip_forwarding": false,
            "id": "/subscriptions/23fcce43-2d2f-4071-9e69-fdb25386438a/resourceGroups/howden_rg/providers/Microsoft.Network/networkInterfaces/howdennic",
            "internal_dns_name_label": "",
            "internal_domain_name_suffix": "sn1xtijbpnyulbxf34lsh0pvtd.bx.internal.cloudapp.net",
            "ip_configuration": [
              {
                "name": "myNicConfiguration",
                "primary": true,
                "private_ip_address": "10.0.1.4",
                "private_ip_address_allocation": "Dynamic",
                "private_ip_address_version": "IPv4",
                "public_ip_address_id": "/subscriptions/23fcce43-2d2f-4071-9e69-fdb25386438a/resourceGroups/howden_rg/providers/Microsoft.Network/publicIPAddresses/howdenpublicip",
                "subnet_id": "/subscriptions/23fcce43-2d2f-4071-9e69-fdb25386438a/resourceGroups/howden_rg/providers/Microsoft.Network/virtualNetworks/howdenvnet/subnets/howdensubnet"
              }
            ],
            "location": "eastus",
            "mac_address": "",
            "name": "howdennic",
            "private_ip_address": "10.0.1.4",
            "private_ip_addresses": [
              "10.0.1.4"
            ],
            "resource_group_name": "howden_rg",
            "tags": {
              "environment": "salman"
            },
            "timeouts": null,
            "virtual_machine_id": ""
          },
          "sensitive_attributes": [],
          "private": "eyJlMmJmYjczMC1lY2FhLTExZTYtOGY4OC0zNDM2M2JjN2M0YzAiOnsiY3JlYXRlIjoxODAwMDAwMDAwMDAwLCJkZWxldGUiOjE4MDAwMDAwMDAwMDAsInJlYWQiOjMwMDAwMDAwMDAwMCwidXBkYXRlIjoxODAwMDAwMDAwMDAwfX0=",
          "dependencies": [
            "azurerm_public_ip.public_ip",
            "azurerm_resource_group.rg",
            "azurerm_subnet.subnet",
            "azurerm_virtual_network.vnet"
          ]
        }
      ]
    },
    {
      "mode": "managed",
      "type": "azurerm_network_interface_security_group_association",
      "name": "association",
      "provider": "provider[\"registry.terraform.io/hashicorp/azurerm\"]",
      "instances": [
        {
          "schema_version": 0,
          "attributes": {
            "id": "/subscriptions/23fcce43-2d2f-4071-9e69-fdb25386438a/resourceGroups/howden_rg/providers/Microsoft.Network/networkInterfaces/howdennic|/subscriptions/23fcce43-2d2f-4071-9e69-fdb25386438a/resourceGroups/howden_rg/providers/Microsoft.Network/networkSecurityGroups/howdennsg",
            "network_interface_id": "/subscriptions/23fcce43-2d2f-4071-9e69-fdb25386438a/resourceGroups/howden_rg/providers/Microsoft.Network/networkInterfaces/howdennic",
            "network_security_group_id": "/subscriptions/23fcce43-2d2f-4071-9e69-fdb25386438a/resourceGroups/howden_rg/providers/Microsoft.Network/networkSecurityGroups/howdennsg",
            "timeouts": null
          },
          "sensitive_attributes": [],
          "private": "eyJlMmJmYjczMC1lY2FhLTExZTYtOGY4OC0zNDM2M2JjN2M0YzAiOnsiY3JlYXRlIjoxODAwMDAwMDAwMDAwLCJkZWxldGUiOjE4MDAwMDAwMDAwMDAsInJlYWQiOjMwMDAwMDAwMDAwMCwidXBkYXRlIjoxODAwMDAwMDAwMDAwfX0=",
          "dependencies": [
            "azurerm_network_interface.nic",
            "azurerm_network_security_group.nsg",
            "azurerm_public_ip.public_ip",
            "azurerm_resource_group.rg",
            "azurerm_subnet.subnet",
            "azurerm_virtual_network.vnet"
          ]
        }
      ]
    },
    {
      "mode": "managed",
      "type": "azurerm_network_security_group",
      "name": "nsg",
      "provider": "provider[\"registry.terraform.io/hashicorp/azurerm\"]",
      "instances": [
        {
          "schema_version": 0,
          "attributes": {
            "id": "/subscriptions/23fcce43-2d2f-4071-9e69-fdb25386438a/resourceGroups/howden_rg/providers/Microsoft.Network/networkSecurityGroups/howdennsg",
            "location": "eastus",
            "name": "howdennsg",
            "resource_group_name": "howden_rg",
            "security_rule": [
              {
                "access": "Allow",
                "description": "",
                "destination_address_prefix": "*",
                "destination_address_prefixes": [],
                "destination_application_security_group_ids": [],
                "destination_port_range": "22",
                "destination_port_ranges": [],
                "direction": "Inbound",
                "name": "SSH",
                "priority": 1001,
                "protocol": "Tcp",
                "source_address_prefix": "*",
                "source_address_prefixes": [],
                "source_application_security_group_ids": [],
                "source_port_range": "*",
                "source_port_ranges": []
              }
            ],
            "tags": {
              "environment": "salman"
            },
            "timeouts": null
          },
          "sensitive_attributes": [],
          "private": "eyJlMmJmYjczMC1lY2FhLTExZTYtOGY4OC0zNDM2M2JjN2M0YzAiOnsiY3JlYXRlIjoxODAwMDAwMDAwMDAwLCJkZWxldGUiOjE4MDAwMDAwMDAwMDAsInJlYWQiOjMwMDAwMDAwMDAwMCwidXBkYXRlIjoxODAwMDAwMDAwMDAwfX0=",
          "dependencies": [
            "azurerm_resource_group.rg"
          ]
        }
      ]
    },
    {
      "mode": "managed",
      "type": "azurerm_public_ip",
      "name": "public_ip",
      "provider": "provider[\"registry.terraform.io/hashicorp/azurerm\"]",
      "instances": [
        {
          "schema_version": 0,
          "attributes": {
            "allocation_method": "Dynamic",
            "domain_name_label": null,
            "fqdn": null,
            "id": "/subscriptions/23fcce43-2d2f-4071-9e69-fdb25386438a/resourceGroups/howden_rg/providers/Microsoft.Network/publicIPAddresses/howdenpublicip",
            "idle_timeout_in_minutes": 4,
            "ip_address": "",
            "ip_tags": null,
            "ip_version": "IPv4",
            "location": "eastus",
            "name": "howdenpublicip",
            "public_ip_prefix_id": null,
            "resource_group_name": "howden_rg",
            "reverse_fqdn": null,
            "sku": "Basic",
            "tags": {
              "environment": "salman"
            },
            "timeouts": null,
            "zones": null
          },
          "sensitive_attributes": [],
          "private": "eyJlMmJmYjczMC1lY2FhLTExZTYtOGY4OC0zNDM2M2JjN2M0YzAiOnsiY3JlYXRlIjoxODAwMDAwMDAwMDAwLCJkZWxldGUiOjE4MDAwMDAwMDAwMDAsInJlYWQiOjMwMDAwMDAwMDAwMCwidXBkYXRlIjoxODAwMDAwMDAwMDAwfX0=",
          "dependencies": [
            "azurerm_resource_group.rg"
          ]
        }
      ]
    },
    {
      "mode": "managed",
      "type": "azurerm_resource_group",
      "name": "rg",
      "provider": "provider[\"registry.terraform.io/hashicorp/azurerm\"]",
      "instances": [
        {
          "schema_version": 0,
          "attributes": {
            "id": "/subscriptions/23fcce43-2d2f-4071-9e69-fdb25386438a/resourceGroups/howden_rg",
            "location": "eastus",
            "name": "howden_rg",
            "tags": {
              "environment": "salman"
            },
            "timeouts": null
          },
          "sensitive_attributes": [],
          "private": "eyJlMmJmYjczMC1lY2FhLTExZTYtOGY4OC0zNDM2M2JjN2M0YzAiOnsiY3JlYXRlIjo1NDAwMDAwMDAwMDAwLCJkZWxldGUiOjU0MDAwMDAwMDAwMDAsInJlYWQiOjMwMDAwMDAwMDAwMCwidXBkYXRlIjo1NDAwMDAwMDAwMDAwfX0="
        }
      ]
    },
    {
      "mode": "managed",
      "type": "azurerm_subnet",
      "name": "subnet",
      "provider": "provider[\"registry.terraform.io/hashicorp/azurerm\"]",
      "instances": [
        {
          "schema_version": 0,
          "attributes": {
            "address_prefix": "10.0.1.0/24",
            "address_prefixes": [
              "10.0.1.0/24"
            ],
            "delegation": [],
            "enforce_private_link_endpoint_network_policies": false,
            "enforce_private_link_service_network_policies": false,
            "id": "/subscriptions/23fcce43-2d2f-4071-9e69-fdb25386438a/resourceGroups/howden_rg/providers/Microsoft.Network/virtualNetworks/howdenvnet/subnets/howdensubnet",
            "name": "howdensubnet",
            "resource_group_name": "howden_rg",
            "service_endpoint_policy_ids": null,
            "service_endpoints": null,
            "timeouts": null,
            "virtual_network_name": "howdenvnet"
          },
          "sensitive_attributes": [],
          "private": "eyJlMmJmYjczMC1lY2FhLTExZTYtOGY4OC0zNDM2M2JjN2M0YzAiOnsiY3JlYXRlIjoxODAwMDAwMDAwMDAwLCJkZWxldGUiOjE4MDAwMDAwMDAwMDAsInJlYWQiOjMwMDAwMDAwMDAwMCwidXBkYXRlIjoxODAwMDAwMDAwMDAwfX0=",
          "dependencies": [
            "azurerm_resource_group.rg",
            "azurerm_virtual_network.vnet"
          ]
        }
      ]
    },
    {
      "mode": "managed",
      "type": "azurerm_virtual_network",
      "name": "vnet",
      "provider": "provider[\"registry.terraform.io/hashicorp/azurerm\"]",
      "instances": [
        {
          "schema_version": 0,
          "attributes": {
            "address_space": [
              "10.0.0.0/16"
            ],
            "bgp_community": "",
            "ddos_protection_plan": [],
            "dns_servers": null,
            "guid": "a1797793-7b21-4571-86e5-ef9723e9f59b",
            "id": "/subscriptions/23fcce43-2d2f-4071-9e69-fdb25386438a/resourceGroups/howden_rg/providers/Microsoft.Network/virtualNetworks/howdenvnet",
            "location": "eastus",
            "name": "howdenvnet",
            "resource_group_name": "howden_rg",
            "subnet": [],
            "tags": {
              "environment": "salman"
            },
            "timeouts": null,
            "vm_protection_enabled": false
          },
          "sensitive_attributes": [],
          "private": "eyJlMmJmYjczMC1lY2FhLTExZTYtOGY4OC0zNDM2M2JjN2M0YzAiOnsiY3JlYXRlIjoxODAwMDAwMDAwMDAwLCJkZWxldGUiOjE4MDAwMDAwMDAwMDAsInJlYWQiOjMwMDAwMDAwMDAwMCwidXBkYXRlIjoxODAwMDAwMDAwMDAwfX0=",
          "dependencies": [
            "azurerm_resource_group.rg"
          ]
        }
      ]
    },
    {
      "mode": "managed",
      "type": "tls_private_key",
      "name": "example_ssh",
      "provider": "provider[\"registry.terraform.io/hashicorp/tls\"]",
      "instances": [
        {
          "schema_version": 0,
          "attributes": {
            "algorithm": "RSA",
            "ecdsa_curve": "P224",
            "id": "0b9cc273c40eaa56fb4ebf191c4603b3d7040c6d",
            "private_key_pem": "-----BEGIN RSA PRIVATE KEY-----\nMIIJKAIBAAKCAgEA5dUfIIKrP9aTm444nO7VMvEI62TPowR71URBqkfk45rQKxbr\n3aIf9Er16mnKOV/CUOl7c0fh8l7xVzqAhGSxmi7kSAGpbQf7cX+Jh6gV1JLmBEtg\nzFGs7H5vQfu21Rh8KzYaVx19xsp1X7MIk7qyEOchm1iSwPmsqUGNRvQqolb+OFY+\nN4a+4uYR9LSrugw0xt3UaFE4ie4y7NPuWrk3GAjrw3yvjfAJA79fqPGwlUFkxCjV\nXDMR+CkXq2LO1Soa3lc/JUprcGBVPxtTRGLs0AdirfXd3joH8FRY5z9zO1k/aPjy\n9qbWfb2QJKKxw0R5VRB6Y6a8gQQWLzK+WKuFZSIgJdJBSU9cOa9zr0xAIX+w1zVA\n+gC77oiUCn2CERdi5RcBEoAP5INH9Z40SNKVdbp400WyHPOVuvFgsJQLrY90+MEQ\nNP4YURSWFCkS9TZ66/5683Qfg/9ntPuOZcrD1EM9fe3ZpdcsjMyA0qCmF7bi3jU+\n/WgNx7b2kWfTdIP/oXWbNsdbNL8g+h40oV4CCZGrjqiru7gPLiJqXprOb1KL5uSV\nuu58nyOYAE5VBZ+d//VDlhGmqsmdHcrlFRZ2E+TmLfwUctzm4FPKT70jJ4jVSP34\n/XWTFrh7n1pC/Tkrtgx06QQO7FfxJtPDZGW8ndqj0DjUzthGjYNriaOstr8CAwEA\nAQKCAgBxqLXeBADgbyNMOEczBMGWkbDRiGdOvPbofvriVO+Sx4rO5GT8lCKtUyzO\nIkcJnJuiG/UbC59nlyBO/PV1g754+1uVaIz7CImGlYXT+oHhQExUL1rNcE7OHbCz\ntuGx/IvbasQX9NOwrYriKs3BEQDibwsloeXhXRfQFETjo/g5lD/gaHYYS6C24QRc\nOcT7GvI2rplOhWwqegvhJuWnJBVk43SElnLTBLPQkKGkEPI8vbwxbegl0nO+f8Pe\n09xpeosTDZ6CuIztZBaEQOUq2qk2L5DTatWwAo7OgUf+BFjeLsK3DPZKmDNWt5pD\nI9o5MPG36ZA9G8X5H6ZA7R1JCHnMm+UE9Fx15gf2Hd8pfJrl4QVGL1yD8pkOTHCI\nLMxHrUIiUiDXQRIZ/JdOKf4rsa8aygBFWvqBxTpkTu/vlFOPrpuR29JDTXXyUgsu\nX5l3N+Ev8fEbBH+g60l4XfFUaGkoS7rMslJNSJoMC2blNfdA5aFAXvp3g0pi2S4Z\n52DAAKdqJd6sdHQcFTzk8wQyBC90ON9mtU7F/oShLkhMeICMEmtIIXjaH/XndxCP\nYJWfT/zgVpn9kXqrCffGk1TnFtmKjb+BJ0JSssPZg7TVYw8mH/Vf/RTnLU2ERTMj\ntIUrYyZlp5Wd0Vg1VAJxi31Q+mUM17dTSxt94a4J9ukMpxO0cQKCAQEA9jawXX8R\nx68E4cAo1TWrOT4VAzhrOfRao+9kSrdcoJFbQWGOQlM6Xxf+H6EBZANgGVP5pO2z\nFuQElW+k3LuGP4X1VXN+kOuf28mZVRB6PRRaC8EUdqXB0uxuAv2aHaqcIYmAIoQs\nd8P89p87u/Y+H6Hyx8ymLQvq8ddM0HaaR6XwKaSyTXUYZA3kYnY/YzR0nmf+X9ja\n6lgtpV2FX3nWdNYIHmbtWxIX+ZJfxKtOrl0EE3GoeCr52r3OYyuargalK6YTfCx+\nSfrQG8pu6H7swV67UBiabfyvnuRWi7LqnoHXu1ikFdtkhjfGBsl/OwvYTjAgsGiQ\n2GIalRjobrz+HQKCAQEA7ve/ubhDKz74MIFPTTi6tgR/ZfBUZUTYdWvqSpRTbFSV\nMNxfr6yfKBREg2QUCyJgP6IA9EI0LxfY8gRMiBG8uXu4BfQkti5iZFdCI+Y+XTDc\nE8xEhj7+/Lz3YyeEhp53ZN2lcf2YYFBvD1BXbXV0it36s7UtLeFZjwIEnXihKetO\n9l13xBiAN64jBRU2xTCxVgB5e6IFjetTbzcyKndlCtVdw9pSGG5/ammrdeyB9dl1\nr4igPi/f2M/7crEyZ4uu7kA5B8T+4ZLyaYWw5s31HmrAx+Na0DIXZTwHxViLfBza\nTezRaS9zDznZAU6I9V+YB5vNt/uxO9hJoOgUEfEhiwKCAQEAjEM1j93u7Bnppw3I\ndUYAyDh00gPXGgn5hQDA2svAqfyExydjWqd9TmUlsTEQ0MAXg/ZR9sIvTzAQ6GzU\nt6bg4NlYnRiRls+Unyom/s3HRXqNnbqeBMWDOLzWI0AEBziFf5mMdJ1lk8kEGB84\ncWjjlTO2UlpkpK7wZlun9+5JD94Zhi+8H+JAReegHvOMQuDEOuW1hTbN58jaICW5\n8F1BbgfsUh2CxGn3XIclpa2NwkldJBKQzfx1oEaXB+n0UYWZnNccrJXQUCbhXaOi\nMTL1f2ePQB70Awp7pgIgx67id/AyTRk/SPBWQRwO5RjvMV0bGdfTF4xKT+r7h8rL\nxyJFhQKCAQBoS5LPAL+4ESyLJvSwdFDw/feISyLaa/i5Dtdbo27heez/PT850fJI\nsMfSPIyO63rsas1Vzcsuvo692eh4/pzKq1d+qbaYGJhyyK6iMmwHijqTHXTOzpHF\nRsgF64pooqLjT+VUYeTuLEy8d0khCcFKlmVDp5BHVPIcezn+bFaSkBOPbO3HlRXo\nt0SrhD26RG0xZtWegvE/pnRstr9bT263ErZws0lfRmKv09y0g/uYjEdTzCJ74bMl\n0mgg/3tLO+imLTt2y6CeXN8V9PZnVX5kvxzSYMUS1rnlQhT2KZX/HiydE/21lbL2\n8z1l15vo08brkzFu2hfZUaWY55FS31XPAoIBAHraSwcWT/aZRLyRBf2WfXThwaWk\njVeYtpBLnDqv6hte/lJgh8+uwmygaqpdMgCHnsT0rDR10g6SiPRzFqh3UxOuc6Le\nYHtpfDloeqTMPQRTUff57q6jyEMzAuDEibgE1AGFnjIRCVp694fy49qBDJMwPm1m\niVNYVq0Nuwir713v6DxQqMlPuRu/1otQAAq94GnuJtArPh2yGDcIJa3qlK/bfhXr\nhA5+VZQ7nEH1LkYyUdj9GN1ZFNp7QJe48ceXj25IaZg1/35DkxLE3nZgh53uW5nx\nQ37QUFsQ6YXw9gC1eBSjJfHe3yXA7VgNB3OV1Kb/r0bxMYMaCTAZ8N0Rbxo=\n-----END RSA PRIVATE KEY-----\n",
            "public_key_fingerprint_md5": "26:c4:a4:cb:bf:63:76:50:d2:7c:4c:89:ba:72:1c:82",
            "public_key_openssh": "ssh-rsa AAAAB3NzaC1yc2EAAAADAQABAAACAQDl1R8ggqs/1pObjjic7tUy8QjrZM+jBHvVREGqR+TjmtArFuvdoh/0SvXqaco5X8JQ6XtzR+HyXvFXOoCEZLGaLuRIAaltB/txf4mHqBXUkuYES2DMUazsfm9B+7bVGHwrNhpXHX3GynVfswiTurIQ5yGbWJLA+aypQY1G9CqiVv44Vj43hr7i5hH0tKu6DDTG3dRoUTiJ7jLs0+5auTcYCOvDfK+N8AkDv1+o8bCVQWTEKNVcMxH4KRerYs7VKhreVz8lSmtwYFU/G1NEYuzQB2Kt9d3eOgfwVFjnP3M7WT9o+PL2ptZ9vZAkorHDRHlVEHpjpryBBBYvMr5Yq4VlIiAl0kFJT1w5r3OvTEAhf7DXNUD6ALvuiJQKfYIRF2LlFwESgA/kg0f1njRI0pV1unjTRbIc85W68WCwlAutj3T4wRA0/hhRFJYUKRL1Nnrr/nrzdB+D/2e0+45lysPUQz197dml1yyMzIDSoKYXtuLeNT79aA3HtvaRZ9N0g/+hdZs2x1s0vyD6HjShXgIJkauOqKu7uA8uImpems5vUovm5JW67nyfI5gATlUFn53/9UOWEaaqyZ0dyuUVFnYT5OYt/BRy3ObgU8pPvSMniNVI/fj9dZMWuHufWkL9OSu2DHTpBA7sV/Em08NkZbyd2qPQONTO2EaNg2uJo6y2vw==\n",
            "public_key_pem": "-----BEGIN PUBLIC KEY-----\nMIICIjANBgkqhkiG9w0BAQEFAAOCAg8AMIICCgKCAgEA5dUfIIKrP9aTm444nO7V\nMvEI62TPowR71URBqkfk45rQKxbr3aIf9Er16mnKOV/CUOl7c0fh8l7xVzqAhGSx\nmi7kSAGpbQf7cX+Jh6gV1JLmBEtgzFGs7H5vQfu21Rh8KzYaVx19xsp1X7MIk7qy\nEOchm1iSwPmsqUGNRvQqolb+OFY+N4a+4uYR9LSrugw0xt3UaFE4ie4y7NPuWrk3\nGAjrw3yvjfAJA79fqPGwlUFkxCjVXDMR+CkXq2LO1Soa3lc/JUprcGBVPxtTRGLs\n0AdirfXd3joH8FRY5z9zO1k/aPjy9qbWfb2QJKKxw0R5VRB6Y6a8gQQWLzK+WKuF\nZSIgJdJBSU9cOa9zr0xAIX+w1zVA+gC77oiUCn2CERdi5RcBEoAP5INH9Z40SNKV\ndbp400WyHPOVuvFgsJQLrY90+MEQNP4YURSWFCkS9TZ66/5683Qfg/9ntPuOZcrD\n1EM9fe3ZpdcsjMyA0qCmF7bi3jU+/WgNx7b2kWfTdIP/oXWbNsdbNL8g+h40oV4C\nCZGrjqiru7gPLiJqXprOb1KL5uSVuu58nyOYAE5VBZ+d//VDlhGmqsmdHcrlFRZ2\nE+TmLfwUctzm4FPKT70jJ4jVSP34/XWTFrh7n1pC/Tkrtgx06QQO7FfxJtPDZGW8\nndqj0DjUzthGjYNriaOstr8CAwEAAQ==\n-----END PUBLIC KEY-----\n",
            "rsa_bits": 4096
          },
          "sensitive_attributes": [],
          "private": "bnVsbA=="
        }
      ]
    }
  ]
}
